<?xml version="1.0" encoding="utf-8"?>
<Project ToolsVersion="4.0" xmlns="http://schemas.microsoft.com/developer/msbuild/2003">
  <ItemGroup>
    <Filter Include="Source Files">
      <UniqueIdentifier>{4FC737F1-C7A5-4376-A066-2A32D752A2FF}</UniqueIdentifier>
      <Extensions>cpp;c;cc;cxx;def;odl;idl;hpj;bat;asm;asmx</Extensions>
    </Filter>
    <Filter Include="Header Files">
      <UniqueIdentifier>{93995380-89BD-4b04-88EB-625FBE52EBFB}</UniqueIdentifier>
      <Extensions>h;hh;hpp;hxx;hm;inl;inc;xsd</Extensions>
    </Filter>
    <Filter Include="Resource Files">
      <UniqueIdentifier>{67DA6AB6-F800-4c08-8B7A-83BB121AAD01}</UniqueIdentifier>
      <Extensions>rc;ico;cur;bmp;dlg;rc2;rct;bin;rgs;gif;jpg;jpeg;jpe;resx;tiff;tif;png;wav;mfcribbon-ms</Extensions>
    </Filter>
    <Filter Include="Libs">
      <UniqueIdentifier>{00b878db-11b7-4613-9ac2-19a1aa51f273}</UniqueIdentifier>
    </Filter>
  </ItemGroup>
  <ItemGroup>
    <ClCompile Include="Blit3D.cpp">
      <Filter>Source Files</Filter>
    </ClCompile>
    <ClCompile Include="glslprogram.cpp">
      <Filter>Source Files</Filter>
    </ClCompile>
    <ClCompile Include="glutils.cpp">
      <Filter>Source Files</Filter>
    </ClCompile>
    <ClCompile Include="ShaderManager.cpp">
      <Filter>Source Files</Filter>
    </ClCompile>
    <ClCompile Include="TextureManager.cpp">
      <Filter>Source Files</Filter>
    </ClCompile>
    <ClCompile Include="Logger.cpp">
      <Filter>Source Files</Filter>
    </ClCompile>
    <ClCompile Include="RenderBuffer.cpp">
      <Filter>Source Files</Filter>
    </ClCompile>
    <ClCompile Include="Sprite.cpp">
      <Filter>Source Files</Filter>
    </ClCompile>
    <ClCompile Include="BFont.cpp">
      <Filter>Source Files</Filter>
    </ClCompile>
    <ClCompile Include="AngelcodeFont.cpp">
      <Filter>Source Files</Filter>
    </ClCompile>
    <ClCompile Include="ByteSwap.cpp">
      <Filter>Source Files</Filter>
    </ClCompile>
  </ItemGroup>
  <ItemGroup>
    <ClInclude Include="..\Blit3D\include\Blit3D\AngelcodeFont.h">
      <Filter>Header Files</Filter>
    </ClInclude>
    <ClInclude Include="..\Blit3D\include\Blit3D\BFont.h">
      <Filter>Header Files</Filter>
    </ClInclude>
    <ClInclude Include="..\Blit3D\include\Blit3D\Blit3D.h">
      <Filter>Header Files</Filter>
    </ClInclude>
    <ClInclude Include="..\Blit3D\include\Blit3D\ByteSwap.h">
      <Filter>Header Files</Filter>
    </ClInclude>
    <ClInclude Include="..\Blit3D\include\Blit3D\glslprogram.h">
      <Filter>Header Files</Filter>
    </ClInclude>
    <ClInclude Include="..\Blit3D\include\Blit3D\glutils.h">
      <Filter>Header Files</Filter>
    </ClInclude>
    <ClInclude Include="..\Blit3D\include\Blit3D\Logger.h">
      <Filter>Header Files</Filter>
    </ClInclude>
    <ClInclude Include="..\Blit3D\include\Blit3D\RenderBuffer.h">
      <Filter>Header Files</Filter>
    </ClInclude>
    <ClInclude Include="..\Blit3D\include\Blit3D\ShaderManager.h">
      <Filter>Header Files</Filter>
    </ClInclude>
    <ClInclude Include="..\Blit3D\include\Blit3D\Sprite.h">
      <Filter>Header Files</Filter>
    </ClInclude>
    <ClInclude Include="..\Blit3D\include\Blit3D\TextureManager.h">
      <Filter>Header Files</Filter>
    </ClInclude>
  </ItemGroup>
</Project>